<?xml version="1.0" encoding="utf-8"?>
<Project ToolsVersion="4.0" xmlns="http://schemas.microsoft.com/developer/msbuild/2003">
  <ItemGroup>
    <Filter Include="win32">
      <UniqueIdentifier>{84a8ebd7-7cf0-47f6-b75e-d441df67da40}</UniqueIdentifier>
    </Filter>
    <Filter Include="resource">
      <UniqueIdentifier>{715254bc-d70b-4ec5-bf29-467dd3ace079}</UniqueIdentifier>
    </Filter>
    <Filter Include="src">
      <UniqueIdentifier>{bb6c862e-70e9-49d9-81b7-3829a6f50471}</UniqueIdentifier>
    </Filter>
  </ItemGroup>
  <ItemGroup>
    <ClCompile Include="main.cpp">
      <Filter>win32</Filter>
    </ClCompile>
    <ClCompile Include="..\Classes\Core\AppDelegate.cpp">
      <Filter>src</Filter>
    </ClCompile>
    <ClCompile Include="..\Classes\Core\MainMenuScene.cpp">
      <Filter>src</Filter>
    </ClCompile>
    <ClCompile Include="..\Classes\Core\MenuManager.cpp" />
    <ClCompile Include="..\Classes\Core\GameScene.cpp" />
    <ClCompile Include="..\Classes\Core\Player.cpp" />
    <ClCompile Include="..\Classes\Audio\AudioManager.cpp" />
    <ClCompile Include="..\Classes\Collect\CollectItem.cpp" />
    <ClCompile Include="..\Classes\Collect\CollectManager.cpp" />
    <ClCompile Include="..\Classes\Collect\CollectSpot.cpp" />
    <ClCompile Include="..\Classes\Core\Item.cpp" />
    <ClCompile Include="..\Classes\Crop\Carrot.cpp" />
    <ClCompile Include="..\Classes\Crop\Crop.cpp" />
    <ClCompile Include="..\Classes\Crop\FarmlandTile.cpp" />
    <ClCompile Include="..\Classes\NPC\NPC.cpp" />
    <ClCompile Include="..\Classes\NPC\NPCTestScene.cpp" />
    <ClCompile Include="..\Classes\SaveSystem\CollectSaveData.cpp" />
    <ClCompile Include="..\Classes\SaveSystem\SaveManager.cpp" />
  </ItemGroup>
  <ItemGroup>
    <ClInclude Include="main.h">
      <Filter>win32</Filter>
    </ClInclude>
    <ClInclude Include="..\Classes\Core\AppDelegate.h">
      <Filter>src</Filter>
    </ClInclude>
    <ClInclude Include="..\Classes\Core\MainMenuScene.h">
      <Filter>src</Filter>
    </ClInclude>
    <ClInclude Include="..\Classes\Core\MenuManager.h" />
    <ClInclude Include="..\Classes\Core\GameScene.h" />
    <ClInclude Include="..\Classes\Core\Player.h" />
    <ClInclude Include="..\Classes\Audio\AudioManager.h" />
    <ClInclude Include="..\Classes\Collect\CollectItem.h" />
    <ClInclude Include="..\Classes\Collect\CollectManager.h" />
    <ClInclude Include="..\Classes\Collect\CollectSpot.h" />
    <ClInclude Include="..\Classes\Core\GameManager.h" />
    <ClInclude Include="..\Classes\Core\Item.h" />
    <ClInclude Include="..\Classes\Crop\Carrot.h" />
    <ClInclude Include="..\Classes\Crop\Crop.h" />
    <ClInclude Include="..\Classes\Crop\FarmlandTile.h" />
    <ClInclude Include="..\Classes\NPC\NPC.h" />
    <ClInclude Include="..\Classes\NPC\NPCTestScene.h" />
    <ClInclude Include="..\Classes\SaveSystem\CollectSaveData.h" />
    <ClInclude Include="..\Classes\SaveSystem\SaveManager.h" />
  </ItemGroup>
  <ItemGroup>
    <ResourceCompile Include="game.rc">
      <Filter>resource</Filter>
    </ResourceCompile>
  </ItemGroup>
  <ItemGroup>
    <Image Include="..\Resources\collect\beach.png" />
    <Image Include="..\Resources\collect\grass.png" />
    <Image Include="..\Resources\collect\ground.png" />
    <Image Include="..\Resources\collect\groundTree.png" />
    <Image Include="..\Resources\collect\shell.png" />
    <Image Include="..\Resources\collect\stone.png" />
    <Image Include="..\Resources\collect\tree.png" />
    <Image Include="..\Resources\collect\wood.png" />
  </ItemGroup>
</Project>